// !$*UTF8*$!
{
	archiveVersion = 1;
	classes = {
	};
	objectVersion = 56;
	objects = {

/* Begin PBXBuildFile section */
		3C15C35528EAD77800AE0B6A /* TaskApp.swift in Sources */ = {isa = PBXBuildFile; fileRef = 3C15C35428EAD77800AE0B6A /* TaskApp.swift */; };
		3C15C35928EAD77A00AE0B6A /* Assets.xcassets in Resources */ = {isa = PBXBuildFile; fileRef = 3C15C35828EAD77A00AE0B6A /* Assets.xcassets */; };
		3C15C35C28EAD77A00AE0B6A /* Preview Assets.xcassets in Resources */ = {isa = PBXBuildFile; fileRef = 3C15C35B28EAD77A00AE0B6A /* Preview Assets.xcassets */; };
		3C15C36628EAD77B00AE0B6A /* TaskTests.swift in Sources */ = {isa = PBXBuildFile; fileRef = 3C15C36528EAD77B00AE0B6A /* TaskTests.swift */; };
		3C15C37028EAD77B00AE0B6A /* TaskUITests.swift in Sources */ = {isa = PBXBuildFile; fileRef = 3C15C36F28EAD77B00AE0B6A /* TaskUITests.swift */; };
		3C15C37228EAD77B00AE0B6A /* TaskUITestsLaunchTests.swift in Sources */ = {isa = PBXBuildFile; fileRef = 3C15C37128EAD77B00AE0B6A /* TaskUITestsLaunchTests.swift */; };
		3C15C38028EAD88A00AE0B6A /* ListView.swift in Sources */ = {isa = PBXBuildFile; fileRef = 3C15C37F28EAD88900AE0B6A /* ListView.swift */; };
		3C15C38228EAD97600AE0B6A /* ListRowView.swift in Sources */ = {isa = PBXBuildFile; fileRef = 3C15C38128EAD97600AE0B6A /* ListRowView.swift */; };
		3C15C38528EADA0100AE0B6A /* ItemModel.swift in Sources */ = {isa = PBXBuildFile; fileRef = 3C15C38428EADA0100AE0B6A /* ItemModel.swift */; };
		3C15C38F28EB23CA00AE0B6A /* ProductView.swift in Sources */ = {isa = PBXBuildFile; fileRef = 3C15C38E28EB23CA00AE0B6A /* ProductView.swift */; };
		3C15C39128EB23DC00AE0B6A /* BookView.swift in Sources */ = {isa = PBXBuildFile; fileRef = 3C15C39028EB23DC00AE0B6A /* BookView.swift */; };
		3C15C39528EB634700AE0B6A /* ListRowViewProduct.swift in Sources */ = {isa = PBXBuildFile; fileRef = 3C15C39428EB634700AE0B6A /* ListRowViewProduct.swift */; };
		3C15C39728EB65BE00AE0B6A /* ListRowViewBook.swift in Sources */ = {isa = PBXBuildFile; fileRef = 3C15C39628EB65BE00AE0B6A /* ListRowViewBook.swift */; };
/* End PBXBuildFile section */

/* Begin PBXContainerItemProxy section */
		3C15C36228EAD77B00AE0B6A /* PBXContainerItemProxy */ = {
			isa = PBXContainerItemProxy;
			containerPortal = 3C15C34928EAD77800AE0B6A /* Project object */;
			proxyType = 1;
			remoteGlobalIDString = 3C15C35028EAD77800AE0B6A;
			remoteInfo = Task;
		};
		3C15C36C28EAD77B00AE0B6A /* PBXContainerItemProxy */ = {
			isa = PBXContainerItemProxy;
			containerPortal = 3C15C34928EAD77800AE0B6A /* Project object */;
			proxyType = 1;
			remoteGlobalIDString = 3C15C35028EAD77800AE0B6A;
			remoteInfo = Task;
		};
/* End PBXContainerItemProxy section */

/* Begin PBXFileReference section */
		3C15C35128EAD77800AE0B6A /* Task.app */ = {isa = PBXFileReference; explicitFileType = wrapper.application; includeInIndex = 0; path = Task.app; sourceTree = BUILT_PRODUCTS_DIR; };
		3C15C35428EAD77800AE0B6A /* TaskApp.swift */ = {isa = PBXFileReference; lastKnownFileType = sourcecode.swift; path = TaskApp.swift; sourceTree = "<group>"; };
		3C15C35828EAD77A00AE0B6A /* Assets.xcassets */ = {isa = PBXFileReference; lastKnownFileType = folder.assetcatalog; path = Assets.xcassets; sourceTree = "<group>"; };
		3C15C35B28EAD77A00AE0B6A /* Preview Assets.xcassets */ = {isa = PBXFileReference; lastKnownFileType = folder.assetcatalog; path = "Preview Assets.xcassets"; sourceTree = "<group>"; };
		3C15C36128EAD77B00AE0B6A /* TaskTests.xctest */ = {isa = PBXFileReference; explicitFileType = wrapper.cfbundle; includeInIndex = 0; path = TaskTests.xctest; sourceTree = BUILT_PRODUCTS_DIR; };
		3C15C36528EAD77B00AE0B6A /* TaskTests.swift */ = {isa = PBXFileReference; lastKnownFileType = sourcecode.swift; path = TaskTests.swift; sourceTree = "<group>"; };
		3C15C36B28EAD77B00AE0B6A /* TaskUITests.xctest */ = {isa = PBXFileReference; explicitFileType = wrapper.cfbundle; includeInIndex = 0; path = TaskUITests.xctest; sourceTree = BUILT_PRODUCTS_DIR; };
		3C15C36F28EAD77B00AE0B6A /* TaskUITests.swift */ = {isa = PBXFileReference; lastKnownFileType = sourcecode.swift; path = TaskUITests.swift; sourceTree = "<group>"; };
		3C15C37128EAD77B00AE0B6A /* TaskUITestsLaunchTests.swift */ = {isa = PBXFileReference; lastKnownFileType = sourcecode.swift; path = TaskUITestsLaunchTests.swift; sourceTree = "<group>"; };
		3C15C37F28EAD88900AE0B6A /* ListView.swift */ = {isa = PBXFileReference; lastKnownFileType = sourcecode.swift; path = ListView.swift; sourceTree = "<group>"; };
		3C15C38128EAD97600AE0B6A /* ListRowView.swift */ = {isa = PBXFileReference; lastKnownFileType = sourcecode.swift; path = ListRowView.swift; sourceTree = "<group>"; };
		3C15C38428EADA0100AE0B6A /* ItemModel.swift */ = {isa = PBXFileReference; lastKnownFileType = sourcecode.swift; path = ItemModel.swift; sourceTree = "<group>"; };
		3C15C38E28EB23CA00AE0B6A /* ProductView.swift */ = {isa = PBXFileReference; lastKnownFileType = sourcecode.swift; path = ProductView.swift; sourceTree = "<group>"; };
		3C15C39028EB23DC00AE0B6A /* BookView.swift */ = {isa = PBXFileReference; lastKnownFileType = sourcecode.swift; path = BookView.swift; sourceTree = "<group>"; };
		3C15C39428EB634700AE0B6A /* ListRowViewProduct.swift */ = {isa = PBXFileReference; lastKnownFileType = sourcecode.swift; path = ListRowViewProduct.swift; sourceTree = "<group>"; };
		3C15C39628EB65BE00AE0B6A /* ListRowViewBook.swift */ = {isa = PBXFileReference; lastKnownFileType = sourcecode.swift; path = ListRowViewBook.swift; sourceTree = "<group>"; };
/* End PBXFileReference section */

/* Begin PBXFrameworksBuildPhase section */
		3C15C34E28EAD77800AE0B6A /* Frameworks */ = {
			isa = PBXFrameworksBuildPhase;
			buildActionMask = 2147483647;
			files = (
			);
			runOnlyForDeploymentPostprocessing = 0;
		};
		3C15C35E28EAD77B00AE0B6A /* Frameworks */ = {
			isa = PBXFrameworksBuildPhase;
			buildActionMask = 2147483647;
			files = (
			);
			runOnlyForDeploymentPostprocessing = 0;
		};
		3C15C36828EAD77B00AE0B6A /* Frameworks */ = {
			isa = PBXFrameworksBuildPhase;
			buildActionMask = 2147483647;
			files = (
			);
			runOnlyForDeploymentPostprocessing = 0;
		};
/* End PBXFrameworksBuildPhase section */

/* Begin PBXGroup section */
		3C15C34828EAD77800AE0B6A = {
			isa = PBXGroup;
			children = (
				3C15C35328EAD77800AE0B6A /* Task */,
				3C15C36428EAD77B00AE0B6A /* TaskTests */,
				3C15C36E28EAD77B00AE0B6A /* TaskUITests */,
				3C15C35228EAD77800AE0B6A /* Products */,
			);
			sourceTree = "<group>";
		};
		3C15C35228EAD77800AE0B6A /* Products */ = {
			isa = PBXGroup;
			children = (
				3C15C35128EAD77800AE0B6A /* Task.app */,
				3C15C36128EAD77B00AE0B6A /* TaskTests.xctest */,
				3C15C36B28EAD77B00AE0B6A /* TaskUITests.xctest */,
			);
			name = Products;
			sourceTree = "<group>";
		};
		3C15C35328EAD77800AE0B6A /* Task */ = {
			isa = PBXGroup;
			children = (
				3C15C35428EAD77800AE0B6A /* TaskApp.swift */,
				3C15C38328EAD9E700AE0B6A /* Models */,
				3C15C37E28EAD7D500AE0B6A /* Views */,
				3C15C35828EAD77A00AE0B6A /* Assets.xcassets */,
				3C15C35A28EAD77A00AE0B6A /* Preview Content */,
			);
			path = Task;
			sourceTree = "<group>";
		};
		3C15C35A28EAD77A00AE0B6A /* Preview Content */ = {
			isa = PBXGroup;
			children = (
				3C15C35B28EAD77A00AE0B6A /* Preview Assets.xcassets */,
			);
			path = "Preview Content";
			sourceTree = "<group>";
		};
		3C15C36428EAD77B00AE0B6A /* TaskTests */ = {
			isa = PBXGroup;
			children = (
				3C15C36528EAD77B00AE0B6A /* TaskTests.swift */,
			);
			path = TaskTests;
			sourceTree = "<group>";
		};
		3C15C36E28EAD77B00AE0B6A /* TaskUITests */ = {
			isa = PBXGroup;
			children = (
				3C15C36F28EAD77B00AE0B6A /* TaskUITests.swift */,
				3C15C37128EAD77B00AE0B6A /* TaskUITestsLaunchTests.swift */,
			);
			path = TaskUITests;
			sourceTree = "<group>";
		};
		3C15C37E28EAD7D500AE0B6A /* Views */ = {
			isa = PBXGroup;
			children = (
				3C15C37F28EAD88900AE0B6A /* ListView.swift */,
				3C15C38128EAD97600AE0B6A /* ListRowView.swift */,
				3C15C39428EB634700AE0B6A /* ListRowViewProduct.swift */,
				3C15C38E28EB23CA00AE0B6A /* ProductView.swift */,
				3C15C39628EB65BE00AE0B6A /* ListRowViewBook.swift */,
				3C15C39028EB23DC00AE0B6A /* BookView.swift */,
			);
			path = Views;
			sourceTree = "<group>";
		};
		3C15C38328EAD9E700AE0B6A /* Models */ = {
			isa = PBXGroup;
			children = (
				3C15C38428EADA0100AE0B6A /* ItemModel.swift */,
			);
			path = Models;
			sourceTree = "<group>";
		};
/* End PBXGroup section */

/* Begin PBXNativeTarget section */
		3C15C35028EAD77800AE0B6A /* Task */ = {
			isa = PBXNativeTarget;
			buildConfigurationList = 3C15C37528EAD77B00AE0B6A /* Build configuration list for PBXNativeTarget "Task" */;
			buildPhases = (
				3C15C34D28EAD77800AE0B6A /* Sources */,
				3C15C34E28EAD77800AE0B6A /* Frameworks */,
				3C15C34F28EAD77800AE0B6A /* Resources */,
			);
			buildRules = (
			);
			dependencies = (
			);
			name = Task;
			productName = Task;
			productReference = 3C15C35128EAD77800AE0B6A /* Task.app */;
			productType = "com.apple.product-type.application";
		};
		3C15C36028EAD77B00AE0B6A /* TaskTests */ = {
			isa = PBXNativeTarget;
			buildConfigurationList = 3C15C37828EAD77B00AE0B6A /* Build configuration list for PBXNativeTarget "TaskTests" */;
			buildPhases = (
				3C15C35D28EAD77B00AE0B6A /* Sources */,
				3C15C35E28EAD77B00AE0B6A /* Frameworks */,
				3C15C35F28EAD77B00AE0B6A /* Resources */,
			);
			buildRules = (
			);
			dependencies = (
				3C15C36328EAD77B00AE0B6A /* PBXTargetDependency */,
			);
			name = TaskTests;
			productName = TaskTests;
			productReference = 3C15C36128EAD77B00AE0B6A /* TaskTests.xctest */;
			productType = "com.apple.product-type.bundle.unit-test";
		};
		3C15C36A28EAD77B00AE0B6A /* TaskUITests */ = {
			isa = PBXNativeTarget;
			buildConfigurationList = 3C15C37B28EAD77B00AE0B6A /* Build configuration list for PBXNativeTarget "TaskUITests" */;
			buildPhases = (
				3C15C36728EAD77B00AE0B6A /* Sources */,
				3C15C36828EAD77B00AE0B6A /* Frameworks */,
				3C15C36928EAD77B00AE0B6A /* Resources */,
			);
			buildRules = (
			);
			dependencies = (
				3C15C36D28EAD77B00AE0B6A /* PBXTargetDependency */,
			);
			name = TaskUITests;
			productName = TaskUITests;
			productReference = 3C15C36B28EAD77B00AE0B6A /* TaskUITests.xctest */;
			productType = "com.apple.product-type.bundle.ui-testing";
		};
/* End PBXNativeTarget section */

/* Begin PBXProject section */
		3C15C34928EAD77800AE0B6A /* Project object */ = {
			isa = PBXProject;
			attributes = {
				BuildIndependentTargetsInParallel = 1;
				LastSwiftUpdateCheck = 1400;
				LastUpgradeCheck = 1400;
				TargetAttributes = {
					3C15C35028EAD77800AE0B6A = {
						CreatedOnToolsVersion = 14.0.1;
					};
					3C15C36028EAD77B00AE0B6A = {
						CreatedOnToolsVersion = 14.0.1;
						TestTargetID = 3C15C35028EAD77800AE0B6A;
					};
					3C15C36A28EAD77B00AE0B6A = {
						CreatedOnToolsVersion = 14.0.1;
						TestTargetID = 3C15C35028EAD77800AE0B6A;
					};
				};
			};
			buildConfigurationList = 3C15C34C28EAD77800AE0B6A /* Build configuration list for PBXProject "Task" */;
			compatibilityVersion = "Xcode 14.0";
			developmentRegion = en;
			hasScannedForEncodings = 0;
			knownRegions = (
				en,
				Base,
			);
			mainGroup = 3C15C34828EAD77800AE0B6A;
			productRefGroup = 3C15C35228EAD77800AE0B6A /* Products */;
			projectDirPath = "";
			projectRoot = "";
			targets = (
				3C15C35028EAD77800AE0B6A /* Task */,
				3C15C36028EAD77B00AE0B6A /* TaskTests */,
				3C15C36A28EAD77B00AE0B6A /* TaskUITests */,
			);
		};
/* End PBXProject section */

/* Begin PBXResourcesBuildPhase section */
		3C15C34F28EAD77800AE0B6A /* Resources */ = {
			isa = PBXResourcesBuildPhase;
			buildActionMask = 2147483647;
			files = (
				3C15C35C28EAD77A00AE0B6A /* Preview Assets.xcassets in Resources */,
				3C15C35928EAD77A00AE0B6A /* Assets.xcassets in Resources */,
			);
			runOnlyForDeploymentPostprocessing = 0;
		};
		3C15C35F28EAD77B00AE0B6A /* Resources */ = {
			isa = PBXResourcesBuildPhase;
			buildActionMask = 2147483647;
			files = (
			);
			runOnlyForDeploymentPostprocessing = 0;
		};
		3C15C36928EAD77B00AE0B6A /* Resources */ = {
			isa = PBXResourcesBuildPhase;
			buildActionMask = 2147483647;
			files = (
			);
			runOnlyForDeploymentPostprocessing = 0;
		};
/* End PBXResourcesBuildPhase section */

/* Begin PBXSourcesBuildPhase section */
		3C15C34D28EAD77800AE0B6A /* Sources */ = {
			isa = PBXSourcesBuildPhase;
			buildActionMask = 2147483647;
			files = (
				3C15C35528EAD77800AE0B6A /* TaskApp.swift in Sources */,
				3C15C38028EAD88A00AE0B6A /* ListView.swift in Sources */,
				3C15C39728EB65BE00AE0B6A /* ListRowViewBook.swift in Sources */,
				3C15C38528EADA0100AE0B6A /* ItemModel.swift in Sources */,
				3C15C38228EAD97600AE0B6A /* ListRowView.swift in Sources */,
				3C15C39528EB634700AE0B6A /* ListRowViewProduct.swift in Sources */,
				3C15C38F28EB23CA00AE0B6A /* ProductView.swift in Sources */,
				3C15C39128EB23DC00AE0B6A /* BookView.swift in Sources */,
			);
			runOnlyForDeploymentPostprocessing = 0;
		};
		3C15C35D28EAD77B00AE0B6A /* Sources */ = {
			isa = PBXSourcesBuildPhase;
			buildActionMask = 2147483647;
			files = (
				3C15C36628EAD77B00AE0B6A /* TaskTests.swift in Sources */,
			);
			runOnlyForDeploymentPostprocessing = 0;
		};
		3C15C36728EAD77B00AE0B6A /* Sources */ = {
			isa = PBXSourcesBuildPhase;
			buildActionMask = 2147483647;
			files = (
				3C15C37028EAD77B00AE0B6A /* TaskUITests.swift in Sources */,
				3C15C37228EAD77B00AE0B6A /* TaskUITestsLaunchTests.swift in Sources */,
			);
			runOnlyForDeploymentPostprocessing = 0;
		};
/* End PBXSourcesBuildPhase section */

/* Begin PBXTargetDependency section */
		3C15C36328EAD77B00AE0B6A /* PBXTargetDependency */ = {
			isa = PBXTargetDependency;
			target = 3C15C35028EAD77800AE0B6A /* Task */;
			targetProxy = 3C15C36228EAD77B00AE0B6A /* PBXContainerItemProxy */;
		};
		3C15C36D28EAD77B00AE0B6A /* PBXTargetDependency */ = {
			isa = PBXTargetDependency;
			target = 3C15C35028EAD77800AE0B6A /* Task */;
			targetProxy = 3C15C36C28EAD77B00AE0B6A /* PBXContainerItemProxy */;
		};
/* End PBXTargetDependency section */

/* Begin XCBuildConfiguration section */
		3C15C37328EAD77B00AE0B6A /* Debug */ = {
			isa = XCBuildConfiguration;
			buildSettings = {
				ALWAYS_SEARCH_USER_PATHS = NO;
				CLANG_ANALYZER_NONNULL = YES;
				CLANG_ANALYZER_NUMBER_OBJECT_CONVERSION = YES_AGGRESSIVE;
				CLANG_CXX_LANGUAGE_STANDARD = "gnu++20";
				CLANG_ENABLE_MODULES = YES;
				CLANG_ENABLE_OBJC_ARC = YES;
				CLANG_ENABLE_OBJC_WEAK = YES;
				CLANG_WARN_BLOCK_CAPTURE_AUTORELEASING = YES;
				CLANG_WARN_BOOL_CONVERSION = YES;
				CLANG_WARN_COMMA = YES;
				CLANG_WARN_CONSTANT_CONVERSION = YES;
				CLANG_WARN_DEPRECATED_OBJC_IMPLEMENTATIONS = YES;
				CLANG_WARN_DIRECT_OBJC_ISA_USAGE = YES_ERROR;
				CLANG_WARN_DOCUMENTATION_COMMENTS = YES;
				CLANG_WARN_EMPTY_BODY = YES;
				CLANG_WARN_ENUM_CONVERSION = YES;
				CLANG_WARN_INFINITE_RECURSION = YES;
				CLANG_WARN_INT_CONVERSION = YES;
				CLANG_WARN_NON_LITERAL_NULL_CONVERSION = YES;
				CLANG_WARN_OBJC_IMPLICIT_RETAIN_SELF = YES;
				CLANG_WARN_OBJC_LITERAL_CONVERSION = YES;
				CLANG_WARN_OBJC_ROOT_CLASS = YES_ERROR;
				CLANG_WARN_QUOTED_INCLUDE_IN_FRAMEWORK_HEADER = YES;
				CLANG_WARN_RANGE_LOOP_ANALYSIS = YES;
				CLANG_WARN_STRICT_PROTOTYPES = YES;
				CLANG_WARN_SUSPICIOUS_MOVE = YES;
				CLANG_WARN_UNGUARDED_AVAILABILITY = YES_AGGRESSIVE;
				CLANG_WARN_UNREACHABLE_CODE = YES;
				CLANG_WARN__DUPLICATE_METHOD_MATCH = YES;
				COPY_PHASE_STRIP = NO;
				DEBUG_INFORMATION_FORMAT = dwarf;
				ENABLE_STRICT_OBJC_MSGSEND = YES;
				ENABLE_TESTABILITY = YES;
				GCC_C_LANGUAGE_STANDARD = gnu11;
				GCC_DYNAMIC_NO_PIC = NO;
				GCC_NO_COMMON_BLOCKS = YES;
				GCC_OPTIMIZATION_LEVEL = 0;
				GCC_PREPROCESSOR_DEFINITIONS = (
					"DEBUG=1",
					"$(inherited)",
				);
				GCC_WARN_64_TO_32_BIT_CONVERSION = YES;
				GCC_WARN_ABOUT_RETURN_TYPE = YES_ERROR;
				GCC_WARN_UNDECLARED_SELECTOR = YES;
				GCC_WARN_UNINITIALIZED_AUTOS = YES_AGGRESSIVE;
				GCC_WARN_UNUSED_FUNCTION = YES;
				GCC_WARN_UNUSED_VARIABLE = YES;
				IPHONEOS_DEPLOYMENT_TARGET = 16.0;
				MTL_ENABLE_DEBUG_INFO = INCLUDE_SOURCE;
				MTL_FAST_MATH = YES;
				ONLY_ACTIVE_ARCH = YES;
				SDKROOT = iphoneos;
				SWIFT_ACTIVE_COMPILATION_CONDITIONS = DEBUG;
				SWIFT_OPTIMIZATION_LEVEL = "-Onone";
			};
			name = Debug;
		};
		3C15C37428EAD77B00AE0B6A /* Release */ = {
			isa = XCBuildConfiguration;
			buildSettings = {
				ALWAYS_SEARCH_USER_PATHS = NO;
				CLANG_ANALYZER_NONNULL = YES;
				CLANG_ANALYZER_NUMBER_OBJECT_CONVERSION = YES_AGGRESSIVE;
				CLANG_CXX_LANGUAGE_STANDARD = "gnu++20";
				CLANG_ENABLE_MODULES = YES;
				CLANG_ENABLE_OBJC_ARC = YES;
				CLANG_ENABLE_OBJC_WEAK = YES;
				CLANG_WARN_BLOCK_CAPTURE_AUTORELEASING = YES;
				CLANG_WARN_BOOL_CONVERSION = YES;
				CLANG_WARN_COMMA = YES;
				CLANG_WARN_CONSTANT_CONVERSION = YES;
				CLANG_WARN_DEPRECATED_OBJC_IMPLEMENTATIONS = YES;
				CLANG_WARN_DIRECT_OBJC_ISA_USAGE = YES_ERROR;
				CLANG_WARN_DOCUMENTATION_COMMENTS = YES;
				CLANG_WARN_EMPTY_BODY = YES;
				CLANG_WARN_ENUM_CONVERSION = YES;
				CLANG_WARN_INFINITE_RECURSION = YES;
				CLANG_WARN_INT_CONVERSION = YES;
				CLANG_WARN_NON_LITERAL_NULL_CONVERSION = YES;
				CLANG_WARN_OBJC_IMPLICIT_RETAIN_SELF = YES;
				CLANG_WARN_OBJC_LITERAL_CONVERSION = YES;
				CLANG_WARN_OBJC_ROOT_CLASS = YES_ERROR;
				CLANG_WARN_QUOTED_INCLUDE_IN_FRAMEWORK_HEADER = YES;
				CLANG_WARN_RANGE_LOOP_ANALYSIS = YES;
				CLANG_WARN_STRICT_PROTOTYPES = YES;
				CLANG_WARN_SUSPICIOUS_MOVE = YES;
				CLANG_WARN_UNGUARDED_AVAILABILITY = YES_AGGRESSIVE;
				CLANG_WARN_UNREACHABLE_CODE = YES;
				CLANG_WARN__DUPLICATE_METHOD_MATCH = YES;
				COPY_PHASE_STRIP = NO;
				DEBUG_INFORMATION_FORMAT = "dwarf-with-dsym";
				ENABLE_NS_ASSERTIONS = NO;
				ENABLE_STRICT_OBJC_MSGSEND = YES;
				GCC_C_LANGUAGE_STANDARD = gnu11;
				GCC_NO_COMMON_BLOCKS = YES;
				GCC_WARN_64_TO_32_BIT_CONVERSION = YES;
				GCC_WARN_ABOUT_RETURN_TYPE = YES_ERROR;
				GCC_WARN_UNDECLARED_SELECTOR = YES;
				GCC_WARN_UNINITIALIZED_AUTOS = YES_AGGRESSIVE;
				GCC_WARN_UNUSED_FUNCTION = YES;
				GCC_WARN_UNUSED_VARIABLE = YES;
				IPHONEOS_DEPLOYMENT_TARGET = 16.0;
				MTL_ENABLE_DEBUG_INFO = NO;
				MTL_FAST_MATH = YES;
				SDKROOT = iphoneos;
				SWIFT_COMPILATION_MODE = wholemodule;
				SWIFT_OPTIMIZATION_LEVEL = "-O";
				VALIDATE_PRODUCT = YES;
			};
			name = Release;
		};
		3C15C37628EAD77B00AE0B6A /* Debug */ = {
			isa = XCBuildConfiguration;
			buildSettings = {
				ASSETCATALOG_COMPILER_APPICON_NAME = AppIcon;
				ASSETCATALOG_COMPILER_GLOBAL_ACCENT_COLOR_NAME = AccentColor;
				CODE_SIGN_STYLE = Automatic;
				CURRENT_PROJECT_VERSION = 1;
				DEVELOPMENT_ASSET_PATHS = "\"Task/Preview Content\"";
				ENABLE_PREVIEWS = YES;
				GENERATE_INFOPLIST_FILE = YES;
				INFOPLIST_KEY_UIApplicationSceneManifest_Generation = YES;
				INFOPLIST_KEY_UIApplicationSupportsIndirectInputEvents = YES;
				INFOPLIST_KEY_UILaunchScreen_Generation = YES;
				INFOPLIST_KEY_UISupportedInterfaceOrientations_iPad = "UIInterfaceOrientationPortrait UIInterfaceOrientationPortraitUpsideDown UIInterfaceOrientationLandscapeLeft UIInterfaceOrientationLandscapeRight";
				INFOPLIST_KEY_UISupportedInterfaceOrientations_iPhone = "UIInterfaceOrientationPortrait UIInterfaceOrientationLandscapeLeft UIInterfaceOrientationLandscapeRight";
				LD_RUNPATH_SEARCH_PATHS = (
					"$(inherited)",
					"@executable_path/Frameworks",
				);
				MARKETING_VERSION = 1.0;
				PRODUCT_BUNDLE_IDENTIFIER = h.Task;
				PRODUCT_NAME = "$(TARGET_NAME)";
				SWIFT_EMIT_LOC_STRINGS = YES;
				SWIFT_VERSION = 5.0;
				TARGETED_DEVICE_FAMILY = "1,2";
			};
			name = Debug;
		};
		3C15C37728EAD77B00AE0B6A /* Release */ = {
			isa = XCBuildConfiguration;
			buildSettings = {
				ASSETCATALOG_COMPILER_APPICON_NAME = AppIcon;
				ASSETCATALOG_COMPILER_GLOBAL_ACCENT_COLOR_NAME = AccentColor;
				CODE_SIGN_STYLE = Automatic;
				CURRENT_PROJECT_VERSION = 1;
				DEVELOPMENT_ASSET_PATHS = "\"Task/Preview Content\"";
				ENABLE_PREVIEWS = YES;
				GENERATE_INFOPLIST_FILE = YES;
				INFOPLIST_KEY_UIApplicationSceneManifest_Generation = YES;
				INFOPLIST_KEY_UIApplicationSupportsIndirectInputEvents = YES;
				INFOPLIST_KEY_UILaunchScreen_Generation = YES;
				INFOPLIST_KEY_UISupportedInterfaceOrientations_iPad = "UIInterfaceOrientationPortrait UIInterfaceOrientationPortraitUpsideDown UIInterfaceOrientationLandscapeLeft UIInterfaceOrientationLandscapeRight";
				INFOPLIST_KEY_UISupportedInterfaceOrientations_iPhone = "UIInterfaceOrientationPortrait UIInterfaceOrientationLandscapeLeft UIInterfaceOrientationLandscapeRight";
				LD_RUNPATH_SEARCH_PATHS = (
					"$(inherited)",
					"@executable_path/Frameworks",
				);
				MARKETING_VERSION = 1.0;
				PRODUCT_BUNDLE_IDENTIFIER = h.Task;
				PRODUCT_NAME = "$(TARGET_NAME)";
				SWIFT_EMIT_LOC_STRINGS = YES;
				SWIFT_VERSION = 5.0;
				TARGETED_DEVICE_FAMILY = "1,2";
			};
			name = Release;
		};
		3C15C37928EAD77B00AE0B6A /* Debug */ = {
			isa = XCBuildConfiguration;
			buildSettings = {
				ALWAYS_EMBED_SWIFT_STANDARD_LIBRARIES = YES;
				BUNDLE_LOADER = "$(TEST_HOST)";
				CODE_SIGN_STYLE = Automatic;
				CURRENT_PROJECT_VERSION = 1;
				GENERATE_INFOPLIST_FILE = YES;
				IPHONEOS_DEPLOYMENT_TARGET = 16.0;
				MARKETING_VERSION = 1.0;
				PRODUCT_BUNDLE_IDENTIFIER = h.TaskTests;
				PRODUCT_NAME = "$(TARGET_NAME)";
				SWIFT_EMIT_LOC_STRINGS = NO;
				SWIFT_VERSION = 5.0;
				TARGETED_DEVICE_FAMILY = "1,2";
				TEST_HOST = "$(BUILT_PRODUCTS_DIR)/Task.app/$(BUNDLE_EXECUTABLE_FOLDER_PATH)/Task";
			};
			name = Debug;
		};
		3C15C37A28EAD77B00AE0B6A /* Release */ = {
			isa = XCBuildConfiguration;
			buildSettings = {
				ALWAYS_EMBED_SWIFT_STANDARD_LIBRARIES = YES;
				BUNDLE_LOADER = "$(TEST_HOST)";
				CODE_SIGN_STYLE = Automatic;
				CURRENT_PROJECT_VERSION = 1;
				GENERATE_INFOPLIST_FILE = YES;
				IPHONEOS_DEPLOYMENT_TARGET = 16.0;
				MARKETING_VERSION = 1.0;
				PRODUCT_BUNDLE_IDENTIFIER = h.TaskTests;
				PRODUCT_NAME = "$(TARGET_NAME)";
				SWIFT_EMIT_LOC_STRINGS = NO;
				SWIFT_VERSION = 5.0;
				TARGETED_DEVICE_FAMILY = "1,2";
				TEST_HOST = "$(BUILT_PRODUCTS_DIR)/Task.app/$(BUNDLE_EXECUTABLE_FOLDER_PATH)/Task";
			};
			name = Release;
		};
		3C15C37C28EAD77B00AE0B6A /* Debug */ = {
			isa = XCBuildConfiguration;
			buildSettings = {
				ALWAYS_EMBED_SWIFT_STANDARD_LIBRARIES = YES;
				CODE_SIGN_STYLE = Automatic;
				CURRENT_PROJECT_VERSION = 1;
				GENERATE_INFOPLIST_FILE = YES;
				MARKETING_VERSION = 1.0;
				PRODUCT_BUNDLE_IDENTIFIER = h.TaskUITests;
				PRODUCT_NAME = "$(TARGET_NAME)";
				SWIFT_EMIT_LOC_STRINGS = NO;
				SWIFT_VERSION = 5.0;
				TARGETED_DEVICE_FAMILY = "1,2";
				TEST_TARGET_NAME = Task;
			};
			name = Debug;
		};
		3C15C37D28EAD77B00AE0B6A /* Release */ = {
			isa = XCBuildConfiguration;
			buildSettings = {
				ALWAYS_EMBED_SWIFT_STANDARD_LIBRARIES = YES;
				CODE_SIGN_STYLE = Automatic;
				CURRENT_PROJECT_VERSION = 1;
				GENERATE_INFOPLIST_FILE = YES;
				MARKETING_VERSION = 1.0;
				PRODUCT_BUNDLE_IDENTIFIER = h.TaskUITests;
				PRODUCT_NAME = "$(TARGET_NAME)";
				SWIFT_EMIT_LOC_STRINGS = NO;
				SWIFT_VERSION = 5.0;
				TARGETED_DEVICE_FAMILY = "1,2";
				TEST_TARGET_NAME = Task;
			};
			name = Release;
		};
/* End XCBuildConfiguration section */

/* Begin XCConfigurationList section */
		3C15C34C28EAD77800AE0B6A /* Build configuration list for PBXProject "Task" */ = {
			isa = XCConfigurationList;
			buildConfigurations = (
				3C15C37328EAD77B00AE0B6A /* Debug */,
				3C15C37428EAD77B00AE0B6A /* Release */,
			);
			defaultConfigurationIsVisible = 0;
			defaultConfigurationName = Release;
		};
		3C15C37528EAD77B00AE0B6A /* Build configuration list for PBXNativeTarget "Task" */ = {
			isa = XCConfigurationList;
			buildConfigurations = (
				3C15C37628EAD77B00AE0B6A /* Debug */,
				3C15C37728EAD77B00AE0B6A /* Release */,
			);
			defaultConfigurationIsVisible = 0;
			defaultConfigurationName = Release;
		};
		3C15C37828EAD77B00AE0B6A /* Build configuration list for PBXNativeTarget "TaskTests" */ = {
			isa = XCConfigurationList;
			buildConfigurations = (
				3C15C37928EAD77B00AE0B6A /* Debug */,
				3C15C37A28EAD77B00AE0B6A /* Release */,
			);
			defaultConfigurationIsVisible = 0;
			defaultConfigurationName = Release;
		};
		3C15C37B28EAD77B00AE0B6A /* Build configuration list for PBXNativeTarget "TaskUITests" */ = {
			isa = XCConfigurationList;
			buildConfigurations = (
				3C15C37C28EAD77B00AE0B6A /* Debug */,
				3C15C37D28EAD77B00AE0B6A /* Release */,
			);
			defaultConfigurationIsVisible = 0;
			defaultConfigurationName = Release;
		};
/* End XCConfigurationList section */
	};
	rootObject = 3C15C34928EAD77800AE0B6A /* Project object */;
}
